// !$*UTF8*$!
{
	archiveVersion = 1;
	classes = {
	};
	objectVersion = 46;
	objects = {

/* Begin PBXBuildFile section */
		232BEAC41AA8104B0026A00B /* AppDelegate.swift in Sources */ = {isa = PBXBuildFile; fileRef = 232BEAC31AA8104B0026A00B /* AppDelegate.swift */; };
		232BEAC71AA8104B0026A00B /* first_Swift_App.xcdatamodeld in Sources */ = {isa = PBXBuildFile; fileRef = 232BEAC51AA8104B0026A00B /* first_Swift_App.xcdatamodeld */; };
		232BEAC91AA8104B0026A00B /* RecodSoundViewController.swift in Sources */ = {isa = PBXBuildFile; fileRef = 232BEAC81AA8104B0026A00B /* RecodSoundViewController.swift */; };
		232BEACE1AA8104B0026A00B /* Images.xcassets in Resources */ = {isa = PBXBuildFile; fileRef = 232BEACD1AA8104B0026A00B /* Images.xcassets */; };
		232BEAD11AA8104B0026A00B /* LaunchScreen.xib in Resources */ = {isa = PBXBuildFile; fileRef = 232BEACF1AA8104B0026A00B /* LaunchScreen.xib */; };
		232BEADD1AA8104B0026A00B /* first_Swift_AppTests.swift in Sources */ = {isa = PBXBuildFile; fileRef = 232BEADC1AA8104B0026A00B /* first_Swift_AppTests.swift */; };
		232BEAE71AA82A660026A00B /* PlaySoundViewController.swift in Sources */ = {isa = PBXBuildFile; fileRef = 232BEAE61AA82A660026A00B /* PlaySoundViewController.swift */; };
		233F05DF1AA8357500C38D01 /* bharati-bole-chudiyan.mp3 in Resources */ = {isa = PBXBuildFile; fileRef = 233F05DE1AA8357500C38D01 /* bharati-bole-chudiyan.mp3 */; };
		233F05E21AA83D5700C38D01 /* Main.storyboard in Resources */ = {isa = PBXBuildFile; fileRef = 233F05E01AA83D5700C38D01 /* Main.storyboard */; };
		23FF74531AA849CF00BFFCB2 /* RecordedAudio.swift in Sources */ = {isa = PBXBuildFile; fileRef = 23FF74521AA849CF00BFFCB2 /* RecordedAudio.swift */; };
/* End PBXBuildFile section */

/* Begin PBXContainerItemProxy section */
		232BEAD71AA8104B0026A00B /* PBXContainerItemProxy */ = {
			isa = PBXContainerItemProxy;
			containerPortal = 232BEAB61AA8104B0026A00B /* Project object */;
			proxyType = 1;
			remoteGlobalIDString = 232BEABD1AA8104B0026A00B;
			remoteInfo = "first Swift App";
		};
/* End PBXContainerItemProxy section */

/* Begin PBXFileReference section */
		232BEABE1AA8104B0026A00B /* first Swift App.app */ = {isa = PBXFileReference; explicitFileType = wrapper.application; includeInIndex = 0; path = "first Swift App.app"; sourceTree = BUILT_PRODUCTS_DIR; };
		232BEAC21AA8104B0026A00B /* Info.plist */ = {isa = PBXFileReference; lastKnownFileType = text.plist.xml; path = Info.plist; sourceTree = "<group>"; };
		232BEAC31AA8104B0026A00B /* AppDelegate.swift */ = {isa = PBXFileReference; lastKnownFileType = sourcecode.swift; path = AppDelegate.swift; sourceTree = "<group>"; };
		232BEAC61AA8104B0026A00B /* first_Swift_App.xcdatamodel */ = {isa = PBXFileReference; lastKnownFileType = wrapper.xcdatamodel; path = first_Swift_App.xcdatamodel; sourceTree = "<group>"; };
		232BEAC81AA8104B0026A00B /* RecodSoundViewController.swift */ = {isa = PBXFileReference; lastKnownFileType = sourcecode.swift; path = RecodSoundViewController.swift; sourceTree = "<group>"; };
		232BEACD1AA8104B0026A00B /* Images.xcassets */ = {isa = PBXFileReference; lastKnownFileType = folder.assetcatalog; path = Images.xcassets; sourceTree = "<group>"; };
		232BEAD01AA8104B0026A00B /* Base */ = {isa = PBXFileReference; lastKnownFileType = file.xib; name = Base; path = Base.lproj/LaunchScreen.xib; sourceTree = "<group>"; };
		232BEAD61AA8104B0026A00B /* first Swift AppTests.xctest */ = {isa = PBXFileReference; explicitFileType = wrapper.cfbundle; includeInIndex = 0; path = "first Swift AppTests.xctest"; sourceTree = BUILT_PRODUCTS_DIR; };
		232BEADB1AA8104B0026A00B /* Info.plist */ = {isa = PBXFileReference; lastKnownFileType = text.plist.xml; path = Info.plist; sourceTree = "<group>"; };
		232BEADC1AA8104B0026A00B /* first_Swift_AppTests.swift */ = {isa = PBXFileReference; lastKnownFileType = sourcecode.swift; path = first_Swift_AppTests.swift; sourceTree = "<group>"; };
		232BEAE61AA82A660026A00B /* PlaySoundViewController.swift */ = {isa = PBXFileReference; fileEncoding = 4; lastKnownFileType = sourcecode.swift; path = PlaySoundViewController.swift; sourceTree = "<group>"; };
		233F05DE1AA8357500C38D01 /* bharati-bole-chudiyan.mp3 */ = {isa = PBXFileReference; lastKnownFileType = audio.mp3; name = "bharati-bole-chudiyan.mp3"; path = "../../../../Downloads/bharati-bole-chudiyan.mp3"; sourceTree = "<group>"; };
		233F05E11AA83D5700C38D01 /* Base */ = {isa = PBXFileReference; lastKnownFileType = file.storyboard; name = Base; path = Base.lproj/Main.storyboard; sourceTree = "<group>"; };
		23FF74521AA849CF00BFFCB2 /* RecordedAudio.swift */ = {isa = PBXFileReference; fileEncoding = 4; lastKnownFileType = sourcecode.swift; path = RecordedAudio.swift; sourceTree = "<group>"; };
/* End PBXFileReference section */

/* Begin PBXFrameworksBuildPhase section */
		232BEABB1AA8104B0026A00B /* Frameworks */ = {
			isa = PBXFrameworksBuildPhase;
			buildActionMask = 2147483647;
			files = (
			);
			runOnlyForDeploymentPostprocessing = 0;
		};
		232BEAD31AA8104B0026A00B /* Frameworks */ = {
			isa = PBXFrameworksBuildPhase;
			buildActionMask = 2147483647;
			files = (
			);
			runOnlyForDeploymentPostprocessing = 0;
		};
/* End PBXFrameworksBuildPhase section */

/* Begin PBXGroup section */
		232BEAB51AA8104B0026A00B = {
			isa = PBXGroup;
			children = (
				232BEAC01AA8104B0026A00B /* first Swift App */,
				232BEAD91AA8104B0026A00B /* first Swift AppTests */,
				232BEABF1AA8104B0026A00B /* Products */,
			);
			sourceTree = "<group>";
		};
		232BEABF1AA8104B0026A00B /* Products */ = {
			isa = PBXGroup;
			children = (
				232BEABE1AA8104B0026A00B /* first Swift App.app */,
				232BEAD61AA8104B0026A00B /* first Swift AppTests.xctest */,
			);
			name = Products;
			sourceTree = "<group>";
		};
		232BEAC01AA8104B0026A00B /* first Swift App */ = {
			isa = PBXGroup;
			children = (
				232BEAC31AA8104B0026A00B /* AppDelegate.swift */,
				232BEAC81AA8104B0026A00B /* RecodSoundViewController.swift */,
				232BEAE61AA82A660026A00B /* PlaySoundViewController.swift */,
				23FF74521AA849CF00BFFCB2 /* RecordedAudio.swift */,
				232BEACD1AA8104B0026A00B /* Images.xcassets */,
				233F05E01AA83D5700C38D01 /* Main.storyboard */,
				232BEACF1AA8104B0026A00B /* LaunchScreen.xib */,
				232BEAC51AA8104B0026A00B /* first_Swift_App.xcdatamodeld */,
				232BEAC11AA8104B0026A00B /* Supporting Files */,
			);
			path = "first Swift App";
			sourceTree = "<group>";
		};
		232BEAC11AA8104B0026A00B /* Supporting Files */ = {
			isa = PBXGroup;
			children = (
				233F05DE1AA8357500C38D01 /* bharati-bole-chudiyan.mp3 */,
				232BEAC21AA8104B0026A00B /* Info.plist */,
			);
			name = "Supporting Files";
			sourceTree = "<group>";
		};
		232BEAD91AA8104B0026A00B /* first Swift AppTests */ = {
			isa = PBXGroup;
			children = (
				232BEADC1AA8104B0026A00B /* first_Swift_AppTests.swift */,
				232BEADA1AA8104B0026A00B /* Supporting Files */,
			);
			path = "first Swift AppTests";
			sourceTree = "<group>";
		};
		232BEADA1AA8104B0026A00B /* Supporting Files */ = {
			isa = PBXGroup;
			children = (
				232BEADB1AA8104B0026A00B /* Info.plist */,
			);
			name = "Supporting Files";
			sourceTree = "<group>";
		};
/* End PBXGroup section */

/* Begin PBXNativeTarget section */
		232BEABD1AA8104B0026A00B /* first Swift App */ = {
			isa = PBXNativeTarget;
			buildConfigurationList = 232BEAE01AA8104B0026A00B /* Build configuration list for PBXNativeTarget "first Swift App" */;
			buildPhases = (
				232BEABA1AA8104B0026A00B /* Sources */,
				232BEABB1AA8104B0026A00B /* Frameworks */,
				232BEABC1AA8104B0026A00B /* Resources */,
			);
			buildRules = (
			);
			dependencies = (
			);
			name = "first Swift App";
			productName = "first Swift App";
			productReference = 232BEABE1AA8104B0026A00B /* first Swift App.app */;
			productType = "com.apple.product-type.application";
		};
		232BEAD51AA8104B0026A00B /* first Swift AppTests */ = {
			isa = PBXNativeTarget;
			buildConfigurationList = 232BEAE31AA8104B0026A00B /* Build configuration list for PBXNativeTarget "first Swift AppTests" */;
			buildPhases = (
				232BEAD21AA8104B0026A00B /* Sources */,
				232BEAD31AA8104B0026A00B /* Frameworks */,
				232BEAD41AA8104B0026A00B /* Resources */,
			);
			buildRules = (
			);
			dependencies = (
				232BEAD81AA8104B0026A00B /* PBXTargetDependency */,
			);
			name = "first Swift AppTests";
			productName = "first Swift AppTests";
			productReference = 232BEAD61AA8104B0026A00B /* first Swift AppTests.xctest */;
			productType = "com.apple.product-type.bundle.unit-test";
		};
/* End PBXNativeTarget section */

/* Begin PBXProject section */
		232BEAB61AA8104B0026A00B /* Project object */ = {
			isa = PBXProject;
			attributes = {
				LastUpgradeCheck = 0610;
				ORGANIZATIONNAME = LDB;
				TargetAttributes = {
					232BEABD1AA8104B0026A00B = {
						CreatedOnToolsVersion = 6.1.1;
					};
					232BEAD51AA8104B0026A00B = {
						CreatedOnToolsVersion = 6.1.1;
						TestTargetID = 232BEABD1AA8104B0026A00B;
					};
				};
			};
			buildConfigurationList = 232BEAB91AA8104B0026A00B /* Build configuration list for PBXProject "first Swift App" */;
			compatibilityVersion = "Xcode 3.2";
			developmentRegion = English;
			hasScannedForEncodings = 0;
			knownRegions = (
				en,
				Base,
			);
			mainGroup = 232BEAB51AA8104B0026A00B;
			productRefGroup = 232BEABF1AA8104B0026A00B /* Products */;
			projectDirPath = "";
			projectRoot = "";
			targets = (
				232BEABD1AA8104B0026A00B /* first Swift App */,
				232BEAD51AA8104B0026A00B /* first Swift AppTests */,
			);
		};
/* End PBXProject section */

/* Begin PBXResourcesBuildPhase section */
		232BEABC1AA8104B0026A00B /* Resources */ = {
			isa = PBXResourcesBuildPhase;
			buildActionMask = 2147483647;
			files = (
				232BEAD11AA8104B0026A00B /* LaunchScreen.xib in Resources */,
				232BEACE1AA8104B0026A00B /* Images.xcassets in Resources */,
				233F05DF1AA8357500C38D01 /* bharati-bole-chudiyan.mp3 in Resources */,
				233F05E21AA83D5700C38D01 /* Main.storyboard in Resources */,
			);
			runOnlyForDeploymentPostprocessing = 0;
		};
		232BEAD41AA8104B0026A00B /* Resources */ = {
			isa = PBXResourcesBuildPhase;
			buildActionMask = 2147483647;
			files = (
			);
			runOnlyForDeploymentPostprocessing = 0;
		};
/* End PBXResourcesBuildPhase section */

/* Begin PBXSourcesBuildPhase section */
		232BEABA1AA8104B0026A00B /* Sources */ = {
			isa = PBXSourcesBuildPhase;
			buildActionMask = 2147483647;
			files = (
				232BEAC91AA8104B0026A00B /* RecodSoundViewController.swift in Sources */,
				232BEAE71AA82A660026A00B /* PlaySoundViewController.swift in Sources */,
				232BEAC71AA8104B0026A00B /* first_Swift_App.xcdatamodeld in Sources */,
				232BEAC41AA8104B0026A00B /* AppDelegate.swift in Sources */,
				23FF74531AA849CF00BFFCB2 /* RecordedAudio.swift in Sources */,
			);
			runOnlyForDeploymentPostprocessing = 0;
		};
		232BEAD21AA8104B0026A00B /* Sources */ = {
			isa = PBXSourcesBuildPhase;
			buildActionMask = 2147483647;
			files = (
				232BEADD1AA8104B0026A00B /* first_Swift_AppTests.swift in Sources */,
			);
			runOnlyForDeploymentPostprocessing = 0;
		};
/* End PBXSourcesBuildPhase section */

/* Begin PBXTargetDependency section */
		232BEAD81AA8104B0026A00B /* PBXTargetDependency */ = {
			isa = PBXTargetDependency;
			target = 232BEABD1AA8104B0026A00B /* first Swift App */;
			targetProxy = 232BEAD71AA8104B0026A00B /* PBXContainerItemProxy */;
		};
/* End PBXTargetDependency section */

/* Begin PBXVariantGroup section */
		232BEACF1AA8104B0026A00B /* LaunchScreen.xib */ = {
			isa = PBXVariantGroup;
			children = (
				232BEAD01AA8104B0026A00B /* Base */,
			);
			name = LaunchScreen.xib;
			sourceTree = "<group>";
		};
		233F05E01AA83D5700C38D01 /* Main.storyboard */ = {
			isa = PBXVariantGroup;
			children = (
				233F05E11AA83D5700C38D01 /* Base */,
			);
			name = Main.storyboard;
			sourceTree = "<group>";
		};
/* End PBXVariantGroup section */

/* Begin XCBuildConfiguration section */
		232BEADE1AA8104B0026A00B /* Debug */ = {
			isa = XCBuildConfiguration;
			buildSettings = {
				ALWAYS_SEARCH_USER_PATHS = NO;
				CLANG_CXX_LANGUAGE_STANDARD = "gnu++0x";
				CLANG_CXX_LIBRARY = "libc++";
				CLANG_ENABLE_MODULES = YES;
				CLANG_ENABLE_OBJC_ARC = YES;
				CLANG_WARN_BOOL_CONVERSION = YES;
				CLANG_WARN_CONSTANT_CONVERSION = YES;
				CLANG_WARN_DIRECT_OBJC_ISA_USAGE = YES_ERROR;
				CLANG_WARN_EMPTY_BODY = YES;
				CLANG_WARN_ENUM_CONVERSION = YES;
				CLANG_WARN_INT_CONVERSION = YES;
				CLANG_WARN_OBJC_ROOT_CLASS = YES_ERROR;
				CLANG_WARN_UNREACHABLE_CODE = YES;
				CLANG_WARN__DUPLICATE_METHOD_MATCH = YES;
				"CODE_SIGN_IDENTITY[sdk=iphoneos*]" = "iPhone Developer";
				COPY_PHASE_STRIP = NO;
				ENABLE_STRICT_OBJC_MSGSEND = YES;
				GCC_C_LANGUAGE_STANDARD = gnu99;
				GCC_DYNAMIC_NO_PIC = NO;
				GCC_OPTIMIZATION_LEVEL = 0;
				GCC_PREPROCESSOR_DEFINITIONS = (
					"DEBUG=1",
					"$(inherited)",
				);
				GCC_SYMBOLS_PRIVATE_EXTERN = NO;
				GCC_WARN_64_TO_32_BIT_CONVERSION = YES;
				GCC_WARN_ABOUT_RETURN_TYPE = YES_ERROR;
				GCC_WARN_UNDECLARED_SELECTOR = YES;
				GCC_WARN_UNINITIALIZED_AUTOS = YES_AGGRESSIVE;
				GCC_WARN_UNUSED_FUNCTION = YES;
				GCC_WARN_UNUSED_VARIABLE = YES;
				IPHONEOS_DEPLOYMENT_TARGET = 8.1;
				MTL_ENABLE_DEBUG_INFO = YES;
				ONLY_ACTIVE_ARCH = YES;
				SDKROOT = iphoneos;
				SWIFT_OPTIMIZATION_LEVEL = "-Onone";
			};
			name = Debug;
		};
		232BEADF1AA8104B0026A00B /* Release */ = {
			isa = XCBuildConfiguration;
			buildSettings = {
				ALWAYS_SEARCH_USER_PATHS = NO;
				CLANG_CXX_LANGUAGE_STANDARD = "gnu++0x";
				CLANG_CXX_LIBRARY = "libc++";
				CLANG_ENABLE_MODULES = YES;
				CLANG_ENABLE_OBJC_ARC = YES;
				CLANG_WARN_BOOL_CONVERSION = YES;
				CLANG_WARN_CONSTANT_CONVERSION = YES;
				CLANG_WARN_DIRECT_OBJC_ISA_USAGE = YES_ERROR;
				CLANG_WARN_EMPTY_BODY = YES;
				CLANG_WARN_ENUM_CONVERSION = YES;
				CLANG_WARN_INT_CONVERSION = YES;
				CLANG_WARN_OBJC_ROOT_CLASS = YES_ERROR;
				CLANG_WARN_UNREACHABLE_CODE = YES;
				CLANG_WARN__DUPLICATE_METHOD_MATCH = YES;
				"CODE_SIGN_IDENTITY[sdk=iphoneos*]" = "iPhone Developer";
				COPY_PHASE_STRIP = YES;
				ENABLE_NS_ASSERTIONS = NO;
				ENABLE_STRICT_OBJC_MSGSEND = YES;
				GCC_C_LANGUAGE_STANDARD = gnu99;
				GCC_WARN_64_TO_32_BIT_CONVERSION = YES;
				GCC_WARN_ABOUT_RETURN_TYPE = YES_ERROR;
				GCC_WARN_UNDECLARED_SELECTOR = YES;
				GCC_WARN_UNINITIALIZED_AUTOS = YES_AGGRESSIVE;
				GCC_WARN_UNUSED_FUNCTION = YES;
				GCC_WARN_UNUSED_VARIABLE = YES;
				IPHONEOS_DEPLOYMENT_TARGET = 8.1;
				MTL_ENABLE_DEBUG_INFO = NO;
				SDKROOT = iphoneos;
				VALIDATE_PRODUCT = YES;
			};
			name = Release;
		};
		232BEAE11AA8104B0026A00B /* Debug */ = {
			isa = XCBuildConfiguration;
			buildSettings = {
				ASSETCATALOG_COMPILER_APPICON_NAME = AppIcon;
				INFOPLIST_FILE = "first Swift App/Info.plist";
				LD_RUNPATH_SEARCH_PATHS = "$(inherited) @executable_path/Frameworks";
				PRODUCT_NAME = "$(TARGET_NAME)";
			};
			name = Debug;
		};
		232BEAE21AA8104B0026A00B /* Release */ = {
			isa = XCBuildConfiguration;
			buildSettings = {
				ASSETCATALOG_COMPILER_APPICON_NAME = AppIcon;
				INFOPLIST_FILE = "first Swift App/Info.plist";
				LD_RUNPATH_SEARCH_PATHS = "$(inherited) @executable_path/Frameworks";
				PRODUCT_NAME = "$(TARGET_NAME)";
			};
			name = Release;
		};
		232BEAE41AA8104B0026A00B /* Debug */ = {
			isa = XCBuildConfiguration;
			buildSettings = {
				BUNDLE_LOADER = "$(TEST_HOST)";
				FRAMEWORK_SEARCH_PATHS = (
					"$(SDKROOT)/Developer/Library/Frameworks",
					"$(inherited)",
				);
				GCC_PREPROCESSOR_DEFINITIONS = (
					"DEBUG=1",
					"$(inherited)",
				);
				INFOPLIST_FILE = "first Swift AppTests/Info.plist";
				LD_RUNPATH_SEARCH_PATHS = "$(inherited) @executable_path/Frameworks @loader_path/Frameworks";
				PRODUCT_NAME = "$(TARGET_NAME)";
				TEST_HOST = "$(BUILT_PRODUCTS_DIR)/first Swift App.app/first Swift App";
			};
			name = Debug;
		};
		232BEAE51AA8104B0026A00B /* Release */ = {
			isa = XCBuildConfiguration;
			buildSettings = {
				BUNDLE_LOADER = "$(TEST_HOST)";
				FRAMEWORK_SEARCH_PATHS = (
					"$(SDKROOT)/Developer/Library/Frameworks",
					"$(inherited)",
				);
				INFOPLIST_FILE = "first Swift AppTests/Info.plist";
				LD_RUNPATH_SEARCH_PATHS = "$(inherited) @executable_path/Frameworks @loader_path/Frameworks";
				PRODUCT_NAME = "$(TARGET_NAME)";
				TEST_HOST = "$(BUILT_PRODUCTS_DIR)/first Swift App.app/first Swift App";
			};
			name = Release;
		};
/* End XCBuildConfiguration section */

/* Begin XCConfigurationList section */
		232BEAB91AA8104B0026A00B /* Build configuration list for PBXProject "first Swift App" */ = {
			isa = XCConfigurationList;
			buildConfigurations = (
				232BEADE1AA8104B0026A00B /* Debug */,
				232BEADF1AA8104B0026A00B /* Release */,
			);
			defaultConfigurationIsVisible = 0;
			defaultConfigurationName = Release;
		};
		232BEAE01AA8104B0026A00B /* Build configuration list for PBXNativeTarget "first Swift App" */ = {
			isa = XCConfigurationList;
			buildConfigurations = (
				232BEAE11AA8104B0026A00B /* Debug */,
				232BEAE21AA8104B0026A00B /* Release */,
			);
			defaultConfigurationIsVisible = 0;
			defaultConfigurationName = Release;
		};
		232BEAE31AA8104B0026A00B /* Build configuration list for PBXNativeTarget "first Swift AppTests" */ = {
			isa = XCConfigurationList;
			buildConfigurations = (
				232BEAE41AA8104B0026A00B /* Debug */,
				232BEAE51AA8104B0026A00B /* Release */,
			);
			defaultConfigurationIsVisible = 0;
			defaultConfigurationName = Release;
		};
/* End XCConfigurationList section */

/* Begin XCVersionGroup section */
		232BEAC51AA8104B0026A00B /* first_Swift_App.xcdatamodeld */ = {
			isa = XCVersionGroup;
			children = (
				232BEAC61AA8104B0026A00B /* first_Swift_App.xcdatamodel */,
			);
			currentVersion = 232BEAC61AA8104B0026A00B /* first_Swift_App.xcdatamodel */;
			path = first_Swift_App.xcdatamodeld;
			sourceTree = "<group>";
			versionGroupType = wrapper.xcdatamodel;
		};
/* End XCVersionGroup section */
	};
	rootObject = 232BEAB61AA8104B0026A00B /* Project object */;
}
